
Microsoft Visual Studio Solution File, Format Version 12.00
# Visual Studio Version 17
VisualStudioVersion = 17.0.31903.59
MinimumVisualStudioVersion = 10.0.40219.1
Project("{FAE04EC0-301F-11D3-BF4B-00C04F79EFBC}") = "npWorkApp", "npWorkApp\npWorkApp.csproj", "{B2FB146C-236E-4AF4-A710-C9E1727DA71B}"
EndProject
Project("{2150E333-8FDC-42A3-9474-1A3956D46DE8}") = "Core", "Core", "{C8DDF93B-4E73-462B-B886-CEB7A5826B41}"
EndProject
Project("{2150E333-8FDC-42A3-9474-1A3956D46DE8}") = "Infrastructure", "Infrastructure", "{F6D55DD6-5D6E-49E9-8532-6ADDA2A54DBB}"
EndProject
Project("{FAE04EC0-301F-11D3-BF4B-00C04F79EFBC}") = "Contracts", "Contracts\Contracts.csproj", "{F06B19EC-2B43-4619-8227-EC27AE8B1405}"
EndProject
Project("{FAE04EC0-301F-11D3-BF4B-00C04F79EFBC}") = "Domain", "Domain\Domain.csproj", "{4B10E651-AA4D-4A8B-9BFA-8308554F88BF}"
EndProject
Project("{FAE04EC0-301F-11D3-BF4B-00C04F79EFBC}") = "Services", "Services\Services.csproj", "{44361933-994E-4E75-A832-88CE6EF26F81}"
EndProject
Project("{FAE04EC0-301F-11D3-BF4B-00C04F79EFBC}") = "ServicesAbstraction", "ServicesAbstraction\ServicesAbstraction.csproj", "{04CF4DD7-E543-425F-8770-2B3E8ACB0AB0}"
EndProject
Project("{FAE04EC0-301F-11D3-BF4B-00C04F79EFBC}") = "Persistence", "Persistence\Persistence.csproj", "{081482B0-DC14-44F3-93B2-3FCB39944A79}"
EndProject
Project("{FAE04EC0-301F-11D3-BF4B-00C04F79EFBC}") = "Presentation", "Presentation\Presentation.csproj", "{CABD9A4C-95E3-4D84-928C-C018251A35A4}"
EndProject
Global
	GlobalSection(SolutionConfigurationPlatforms) = preSolution
		Debug|Any CPU = Debug|Any CPU
		Release|Any CPU = Release|Any CPU
	EndGlobalSection
	GlobalSection(SolutionProperties) = preSolution
		HideSolutionNode = FALSE
	EndGlobalSection
	GlobalSection(ProjectConfigurationPlatforms) = postSolution
		{B2FB146C-236E-4AF4-A710-C9E1727DA71B}.Debug|Any CPU.ActiveCfg = Debug|Any CPU
		{B2FB146C-236E-4AF4-A710-C9E1727DA71B}.Debug|Any CPU.Build.0 = Debug|Any CPU
		{B2FB146C-236E-4AF4-A710-C9E1727DA71B}.Release|Any CPU.ActiveCfg = Release|Any CPU
		{B2FB146C-236E-4AF4-A710-C9E1727DA71B}.Release|Any CPU.Build.0 = Release|Any CPU
		{F06B19EC-2B43-4619-8227-EC27AE8B1405}.Debug|Any CPU.ActiveCfg = Debug|Any CPU
		{F06B19EC-2B43-4619-8227-EC27AE8B1405}.Debug|Any CPU.Build.0 = Debug|Any CPU
		{F06B19EC-2B43-4619-8227-EC27AE8B1405}.Release|Any CPU.ActiveCfg = Release|Any CPU
		{F06B19EC-2B43-4619-8227-EC27AE8B1405}.Release|Any CPU.Build.0 = Release|Any CPU
		{4B10E651-AA4D-4A8B-9BFA-8308554F88BF}.Debug|Any CPU.ActiveCfg = Debug|Any CPU
		{4B10E651-AA4D-4A8B-9BFA-8308554F88BF}.Debug|Any CPU.Build.0 = Debug|Any CPU
		{4B10E651-AA4D-4A8B-9BFA-8308554F88BF}.Release|Any CPU.ActiveCfg = Release|Any CPU
		{4B10E651-AA4D-4A8B-9BFA-8308554F88BF}.Release|Any CPU.Build.0 = Release|Any CPU
		{44361933-994E-4E75-A832-88CE6EF26F81}.Debug|Any CPU.ActiveCfg = Debug|Any CPU
		{44361933-994E-4E75-A832-88CE6EF26F81}.Debug|Any CPU.Build.0 = Debug|Any CPU
		{44361933-994E-4E75-A832-88CE6EF26F81}.Release|Any CPU.ActiveCfg = Release|Any CPU
		{44361933-994E-4E75-A832-88CE6EF26F81}.Release|Any CPU.Build.0 = Release|Any CPU
		{04CF4DD7-E543-425F-8770-2B3E8ACB0AB0}.Debug|Any CPU.ActiveCfg = Debug|Any CPU
		{04CF4DD7-E543-425F-8770-2B3E8ACB0AB0}.Debug|Any CPU.Build.0 = Debug|Any CPU
		{04CF4DD7-E543-425F-8770-2B3E8ACB0AB0}.Release|Any CPU.ActiveCfg = Release|Any CPU
		{04CF4DD7-E543-425F-8770-2B3E8ACB0AB0}.Release|Any CPU.Build.0 = Release|Any CPU
		{081482B0-DC14-44F3-93B2-3FCB39944A79}.Debug|Any CPU.ActiveCfg = Debug|Any CPU
		{081482B0-DC14-44F3-93B2-3FCB39944A79}.Debug|Any CPU.Build.0 = Debug|Any CPU
		{081482B0-DC14-44F3-93B2-3FCB39944A79}.Release|Any CPU.ActiveCfg = Release|Any CPU
		{081482B0-DC14-44F3-93B2-3FCB39944A79}.Release|Any CPU.Build.0 = Release|Any CPU
		{CABD9A4C-95E3-4D84-928C-C018251A35A4}.Debug|Any CPU.ActiveCfg = Debug|Any CPU
		{CABD9A4C-95E3-4D84-928C-C018251A35A4}.Debug|Any CPU.Build.0 = Debug|Any CPU
		{CABD9A4C-95E3-4D84-928C-C018251A35A4}.Release|Any CPU.ActiveCfg = Release|Any CPU
		{CABD9A4C-95E3-4D84-928C-C018251A35A4}.Release|Any CPU.Build.0 = Release|Any CPU
	EndGlobalSection
	GlobalSection(NestedProjects) = preSolution
		{CABD9A4C-95E3-4D84-928C-C018251A35A4} = {F6D55DD6-5D6E-49E9-8532-6ADDA2A54DBB}
		{081482B0-DC14-44F3-93B2-3FCB39944A79} = {F6D55DD6-5D6E-49E9-8532-6ADDA2A54DBB}
		{04CF4DD7-E543-425F-8770-2B3E8ACB0AB0} = {C8DDF93B-4E73-462B-B886-CEB7A5826B41}
		{44361933-994E-4E75-A832-88CE6EF26F81} = {C8DDF93B-4E73-462B-B886-CEB7A5826B41}
		{4B10E651-AA4D-4A8B-9BFA-8308554F88BF} = {C8DDF93B-4E73-462B-B886-CEB7A5826B41}
		{F06B19EC-2B43-4619-8227-EC27AE8B1405} = {C8DDF93B-4E73-462B-B886-CEB7A5826B41}
	EndGlobalSection
EndGlobal
